
Microsoft Visual Studio Solution File, Format Version 12.00
# Visual Studio Version 16
Project("{2150E333-8FDC-42A3-9474-1A3956D46DE8}") = "CMakePredefinedTargets", "CMakePredefinedTargets", "{3A3209CE-5332-3E3D-99F6-88C6FB2322EF}"
EndProject
Project("{2150E333-8FDC-42A3-9474-1A3956D46DE8}") = "GLFW3", "GLFW3", "{688EC2BC-1A93-3EC9-9679-1AD2F0BC495A}"
EndProject
Project("{8BC9CEB8-8B4A-11D0-8D11-00A0C91BC942}") = "ALL_BUILD", "ALL_BUILD.vcxproj", "{E2A7CFE6-8376-3C74-9114-FD32428D8834}"
	ProjectSection(ProjectDependencies) = postProject
		{7B6C08F4-A859-37A0-98CF-8E00FE9625E0} = {7B6C08F4-A859-37A0-98CF-8E00FE9625E0}
		{2DFE195D-3919-3DA2-A47E-7599F3742F4E} = {2DFE195D-3919-3DA2-A47E-7599F3742F4E}
		{AA43C0E6-A228-37E5-85C5-CFE67452F293} = {AA43C0E6-A228-37E5-85C5-CFE67452F293}
		{30114239-BCF6-3CCD-8F04-3B5BED061002} = {30114239-BCF6-3CCD-8F04-3B5BED061002}
		{9AE14DB8-5D97-3BB9-8B57-A5086EDEC097} = {9AE14DB8-5D97-3BB9-8B57-A5086EDEC097}
		{F7AD1228-346F-3734-930A-E71CE78344D2} = {F7AD1228-346F-3734-930A-E71CE78344D2}
		{FAAB9C8A-6B3C-3537-B4BB-A856C9C8611F} = {FAAB9C8A-6B3C-3537-B4BB-A856C9C8611F}
		{4546704A-D55A-3F58-AD1C-D331A7F24756} = {4546704A-D55A-3F58-AD1C-D331A7F24756}
		{8AE0782F-BFB6-3A51-92C0-D80A115B7C67} = {8AE0782F-BFB6-3A51-92C0-D80A115B7C67}
		{00053AFC-751C-33D7-891C-2CD2D5EFA093} = {00053AFC-751C-33D7-891C-2CD2D5EFA093}
		{A03CF976-28AF-3BFD-B2E2-9E91CF4083C4} = {A03CF976-28AF-3BFD-B2E2-9E91CF4083C4}
		{FAA12E13-4009-34E9-AAC1-6C1B65B1527F} = {FAA12E13-4009-34E9-AAC1-6C1B65B1527F}
		{BAF1BAFB-EEE6-30F2-9DE2-838BA404D885} = {BAF1BAFB-EEE6-30F2-9DE2-838BA404D885}
		{CFB8CC94-475A-3C10-8F33-B4A343A682D3} = {CFB8CC94-475A-3C10-8F33-B4A343A682D3}
		{70C30FCA-C7CC-3913-A0AF-FBBAE236A2C1} = {70C30FCA-C7CC-3913-A0AF-FBBAE236A2C1}
		{A768FDC2-59A4-38B4-9878-D2AFFE528C0A} = {A768FDC2-59A4-38B4-9878-D2AFFE528C0A}
	EndProjectSection
EndProject
Project("{8BC9CEB8-8B4A-11D0-8D11-00A0C91BC942}") = "ZERO_CHECK", "ZERO_CHECK.vcxproj", "{7B6C08F4-A859-37A0-98CF-8E00FE9625E0}"
	ProjectSection(ProjectDependencies) = postProject
	EndProjectSection
EndProject
Project("{8BC9CEB8-8B4A-11D0-8D11-00A0C91BC942}") = "d0_hello_triangle", "demo\d0_hello_triangle.vcxproj", "{2DFE195D-3919-3DA2-A47E-7599F3742F4E}"
	ProjectSection(ProjectDependencies) = postProject
		{7B6C08F4-A859-37A0-98CF-8E00FE9625E0} = {7B6C08F4-A859-37A0-98CF-8E00FE9625E0}
		{F7AD1228-346F-3734-930A-E71CE78344D2} = {F7AD1228-346F-3734-930A-E71CE78344D2}
		{8AE0782F-BFB6-3A51-92C0-D80A115B7C67} = {8AE0782F-BFB6-3A51-92C0-D80A115B7C67}
		{00053AFC-751C-33D7-891C-2CD2D5EFA093} = {00053AFC-751C-33D7-891C-2CD2D5EFA093}
		{CFB8CC94-475A-3C10-8F33-B4A343A682D3} = {CFB8CC94-475A-3C10-8F33-B4A343A682D3}
	EndProjectSection
EndProject
Project("{8BC9CEB8-8B4A-11D0-8D11-00A0C91BC942}") = "d1_glgears", "demo\d1_glgears.vcxproj", "{AA43C0E6-A228-37E5-85C5-CFE67452F293}"
	ProjectSection(ProjectDependencies) = postProject
		{7B6C08F4-A859-37A0-98CF-8E00FE9625E0} = {7B6C08F4-A859-37A0-98CF-8E00FE9625E0}
		{F7AD1228-346F-3734-930A-E71CE78344D2} = {F7AD1228-346F-3734-930A-E71CE78344D2}
		{8AE0782F-BFB6-3A51-92C0-D80A115B7C67} = {8AE0782F-BFB6-3A51-92C0-D80A115B7C67}
		{00053AFC-751C-33D7-891C-2CD2D5EFA093} = {00053AFC-751C-33D7-891C-2CD2D5EFA093}
		{CFB8CC94-475A-3C10-8F33-B4A343A682D3} = {CFB8CC94-475A-3C10-8F33-B4A343A682D3}
	EndProjectSection
EndProject
Project("{8BC9CEB8-8B4A-11D0-8D11-00A0C91BC942}") = "d2_imgui", "demo\d2_imgui.vcxproj", "{30114239-BCF6-3CCD-8F04-3B5BED061002}"
	ProjectSection(ProjectDependencies) = postProject
		{7B6C08F4-A859-37A0-98CF-8E00FE9625E0} = {7B6C08F4-A859-37A0-98CF-8E00FE9625E0}
		{F7AD1228-346F-3734-930A-E71CE78344D2} = {F7AD1228-346F-3734-930A-E71CE78344D2}
		{8AE0782F-BFB6-3A51-92C0-D80A115B7C67} = {8AE0782F-BFB6-3A51-92C0-D80A115B7C67}
		{00053AFC-751C-33D7-891C-2CD2D5EFA093} = {00053AFC-751C-33D7-891C-2CD2D5EFA093}
		{CFB8CC94-475A-3C10-8F33-B4A343A682D3} = {CFB8CC94-475A-3C10-8F33-B4A343A682D3}
	EndProjectSection
EndProject
Project("{8BC9CEB8-8B4A-11D0-8D11-00A0C91BC942}") = "d3_imgui", "demo\d3_imgui.vcxproj", "{9AE14DB8-5D97-3BB9-8B57-A5086EDEC097}"
	ProjectSection(ProjectDependencies) = postProject
		{7B6C08F4-A859-37A0-98CF-8E00FE9625E0} = {7B6C08F4-A859-37A0-98CF-8E00FE9625E0}
		{FAAB9C8A-6B3C-3537-B4BB-A856C9C8611F} = {FAAB9C8A-6B3C-3537-B4BB-A856C9C8611F}
		{8AE0782F-BFB6-3A51-92C0-D80A115B7C67} = {8AE0782F-BFB6-3A51-92C0-D80A115B7C67}
		{A03CF976-28AF-3BFD-B2E2-9E91CF4083C4} = {A03CF976-28AF-3BFD-B2E2-9E91CF4083C4}
		{70C30FCA-C7CC-3913-A0AF-FBBAE236A2C1} = {70C30FCA-C7CC-3913-A0AF-FBBAE236A2C1}
	EndProjectSection
EndProject
Project("{8BC9CEB8-8B4A-11D0-8D11-00A0C91BC942}") = "glad-compatible", "glad-compatible\glad-compatible.vcxproj", "{F7AD1228-346F-3734-930A-E71CE78344D2}"
	ProjectSection(ProjectDependencies) = postProject
		{7B6C08F4-A859-37A0-98CF-8E00FE9625E0} = {7B6C08F4-A859-37A0-98CF-8E00FE9625E0}
	EndProjectSection
EndProject
Project("{8BC9CEB8-8B4A-11D0-8D11-00A0C91BC942}") = "glad-core-3.3", "glad-core-3.3\glad-core-3.3.vcxproj", "{FAAB9C8A-6B3C-3537-B4BB-A856C9C8611F}"
	ProjectSection(ProjectDependencies) = postProject
		{7B6C08F4-A859-37A0-98CF-8E00FE9625E0} = {7B6C08F4-A859-37A0-98CF-8E00FE9625E0}
	EndProjectSection
EndProject
Project("{8BC9CEB8-8B4A-11D0-8D11-00A0C91BC942}") = "glad-core-4.1", "glad-core-4.1\glad-core-4.1.vcxproj", "{4546704A-D55A-3F58-AD1C-D331A7F24756}"
	ProjectSection(ProjectDependencies) = postProject
		{7B6C08F4-A859-37A0-98CF-8E00FE9625E0} = {7B6C08F4-A859-37A0-98CF-8E00FE9625E0}
	EndProjectSection
EndProject
Project("{8BC9CEB8-8B4A-11D0-8D11-00A0C91BC942}") = "glfw", "glfw-3.3.2\src\glfw.vcxproj", "{8AE0782F-BFB6-3A51-92C0-D80A115B7C67}"
	ProjectSection(ProjectDependencies) = postProject
		{7B6C08F4-A859-37A0-98CF-8E00FE9625E0} = {7B6C08F4-A859-37A0-98CF-8E00FE9625E0}
	EndProjectSection
EndProject
Project("{8BC9CEB8-8B4A-11D0-8D11-00A0C91BC942}") = "imgui-compatible", "imgui\imgui-compatible.vcxproj", "{00053AFC-751C-33D7-891C-2CD2D5EFA093}"
	ProjectSection(ProjectDependencies) = postProject
		{7B6C08F4-A859-37A0-98CF-8E00FE9625E0} = {7B6C08F4-A859-37A0-98CF-8E00FE9625E0}
		{F7AD1228-346F-3734-930A-E71CE78344D2} = {F7AD1228-346F-3734-930A-E71CE78344D2}
		{8AE0782F-BFB6-3A51-92C0-D80A115B7C67} = {8AE0782F-BFB6-3A51-92C0-D80A115B7C67}
	EndProjectSection
EndProject
Project("{8BC9CEB8-8B4A-11D0-8D11-00A0C91BC942}") = "imgui-core-3.3", "imgui\imgui-core-3.3.vcxproj", "{A03CF976-28AF-3BFD-B2E2-9E91CF4083C4}"
	ProjectSection(ProjectDependencies) = postProject
		{7B6C08F4-A859-37A0-98CF-8E00FE9625E0} = {7B6C08F4-A859-37A0-98CF-8E00FE9625E0}
		{FAAB9C8A-6B3C-3537-B4BB-A856C9C8611F} = {FAAB9C8A-6B3C-3537-B4BB-A856C9C8611F}
		{8AE0782F-BFB6-3A51-92C0-D80A115B7C67} = {8AE0782F-BFB6-3A51-92C0-D80A115B7C67}
	EndProjectSection
EndProject
Project("{8BC9CEB8-8B4A-11D0-8D11-00A0C91BC942}") = "imgui-core-4.1", "imgui\imgui-core-4.1.vcxproj", "{FAA12E13-4009-34E9-AAC1-6C1B65B1527F}"
	ProjectSection(ProjectDependencies) = postProject
		{7B6C08F4-A859-37A0-98CF-8E00FE9625E0} = {7B6C08F4-A859-37A0-98CF-8E00FE9625E0}
		{4546704A-D55A-3F58-AD1C-D331A7F24756} = {4546704A-D55A-3F58-AD1C-D331A7F24756}
		{8AE0782F-BFB6-3A51-92C0-D80A115B7C67} = {8AE0782F-BFB6-3A51-92C0-D80A115B7C67}
	EndProjectSection
EndProject
Project("{8BC9CEB8-8B4A-11D0-8D11-00A0C91BC942}") = "run_p1", "projects\p1\run_p1.vcxproj", "{BAF1BAFB-EEE6-30F2-9DE2-838BA404D885}"
	ProjectSection(ProjectDependencies) = postProject
		{7B6C08F4-A859-37A0-98CF-8E00FE9625E0} = {7B6C08F4-A859-37A0-98CF-8E00FE9625E0}
		{F7AD1228-346F-3734-930A-E71CE78344D2} = {F7AD1228-346F-3734-930A-E71CE78344D2}
		{8AE0782F-BFB6-3A51-92C0-D80A115B7C67} = {8AE0782F-BFB6-3A51-92C0-D80A115B7C67}
		{00053AFC-751C-33D7-891C-2CD2D5EFA093} = {00053AFC-751C-33D7-891C-2CD2D5EFA093}
		{CFB8CC94-475A-3C10-8F33-B4A343A682D3} = {CFB8CC94-475A-3C10-8F33-B4A343A682D3}
	EndProjectSection
EndProject
Project("{8BC9CEB8-8B4A-11D0-8D11-00A0C91BC942}") = "util-compatible", "util\util-compatible.vcxproj", "{CFB8CC94-475A-3C10-8F33-B4A343A682D3}"
	ProjectSection(ProjectDependencies) = postProject
		{7B6C08F4-A859-37A0-98CF-8E00FE9625E0} = {7B6C08F4-A859-37A0-98CF-8E00FE9625E0}
		{F7AD1228-346F-3734-930A-E71CE78344D2} = {F7AD1228-346F-3734-930A-E71CE78344D2}
		{8AE0782F-BFB6-3A51-92C0-D80A115B7C67} = {8AE0782F-BFB6-3A51-92C0-D80A115B7C67}
		{00053AFC-751C-33D7-891C-2CD2D5EFA093} = {00053AFC-751C-33D7-891C-2CD2D5EFA093}
	EndProjectSection
EndProject
Project("{8BC9CEB8-8B4A-11D0-8D11-00A0C91BC942}") = "util-core-3.3", "util\util-core-3.3.vcxproj", "{70C30FCA-C7CC-3913-A0AF-FBBAE236A2C1}"
	ProjectSection(ProjectDependencies) = postProject
		{7B6C08F4-A859-37A0-98CF-8E00FE9625E0} = {7B6C08F4-A859-37A0-98CF-8E00FE9625E0}
		{FAAB9C8A-6B3C-3537-B4BB-A856C9C8611F} = {FAAB9C8A-6B3C-3537-B4BB-A856C9C8611F}
		{8AE0782F-BFB6-3A51-92C0-D80A115B7C67} = {8AE0782F-BFB6-3A51-92C0-D80A115B7C67}
		{A03CF976-28AF-3BFD-B2E2-9E91CF4083C4} = {A03CF976-28AF-3BFD-B2E2-9E91CF4083C4}
	EndProjectSection
EndProject
Project("{8BC9CEB8-8B4A-11D0-8D11-00A0C91BC942}") = "util-core-4.1", "util\util-core-4.1.vcxproj", "{A768FDC2-59A4-38B4-9878-D2AFFE528C0A}"
	ProjectSection(ProjectDependencies) = postProject
		{7B6C08F4-A859-37A0-98CF-8E00FE9625E0} = {7B6C08F4-A859-37A0-98CF-8E00FE9625E0}
		{4546704A-D55A-3F58-AD1C-D331A7F24756} = {4546704A-D55A-3F58-AD1C-D331A7F24756}
		{8AE0782F-BFB6-3A51-92C0-D80A115B7C67} = {8AE0782F-BFB6-3A51-92C0-D80A115B7C67}
		{FAA12E13-4009-34E9-AAC1-6C1B65B1527F} = {FAA12E13-4009-34E9-AAC1-6C1B65B1527F}
	EndProjectSection
EndProject
Global
	GlobalSection(SolutionConfigurationPlatforms) = preSolution
		Debug|x64 = Debug|x64
		Release|x64 = Release|x64
		MinSizeRel|x64 = MinSizeRel|x64
		RelWithDebInfo|x64 = RelWithDebInfo|x64
	EndGlobalSection
	GlobalSection(ProjectConfigurationPlatforms) = postSolution
		{E2A7CFE6-8376-3C74-9114-FD32428D8834}.Debug|x64.ActiveCfg = Debug|x64
		{E2A7CFE6-8376-3C74-9114-FD32428D8834}.Release|x64.ActiveCfg = Release|x64
		{E2A7CFE6-8376-3C74-9114-FD32428D8834}.MinSizeRel|x64.ActiveCfg = MinSizeRel|x64
		{E2A7CFE6-8376-3C74-9114-FD32428D8834}.RelWithDebInfo|x64.ActiveCfg = RelWithDebInfo|x64
		{7B6C08F4-A859-37A0-98CF-8E00FE9625E0}.Debug|x64.ActiveCfg = Debug|x64
		{7B6C08F4-A859-37A0-98CF-8E00FE9625E0}.Debug|x64.Build.0 = Debug|x64
		{7B6C08F4-A859-37A0-98CF-8E00FE9625E0}.Release|x64.ActiveCfg = Release|x64
		{7B6C08F4-A859-37A0-98CF-8E00FE9625E0}.Release|x64.Build.0 = Release|x64
		{7B6C08F4-A859-37A0-98CF-8E00FE9625E0}.MinSizeRel|x64.ActiveCfg = MinSizeRel|x64
		{7B6C08F4-A859-37A0-98CF-8E00FE9625E0}.MinSizeRel|x64.Build.0 = MinSizeRel|x64
		{7B6C08F4-A859-37A0-98CF-8E00FE9625E0}.RelWithDebInfo|x64.ActiveCfg = RelWithDebInfo|x64
		{7B6C08F4-A859-37A0-98CF-8E00FE9625E0}.RelWithDebInfo|x64.Build.0 = RelWithDebInfo|x64
		{2DFE195D-3919-3DA2-A47E-7599F3742F4E}.Debug|x64.ActiveCfg = Debug|x64
		{2DFE195D-3919-3DA2-A47E-7599F3742F4E}.Debug|x64.Build.0 = Debug|x64
		{2DFE195D-3919-3DA2-A47E-7599F3742F4E}.Release|x64.ActiveCfg = Release|x64
		{2DFE195D-3919-3DA2-A47E-7599F3742F4E}.Release|x64.Build.0 = Release|x64
		{2DFE195D-3919-3DA2-A47E-7599F3742F4E}.MinSizeRel|x64.ActiveCfg = MinSizeRel|x64
		{2DFE195D-3919-3DA2-A47E-7599F3742F4E}.MinSizeRel|x64.Build.0 = MinSizeRel|x64
		{2DFE195D-3919-3DA2-A47E-7599F3742F4E}.RelWithDebInfo|x64.ActiveCfg = RelWithDebInfo|x64
		{2DFE195D-3919-3DA2-A47E-7599F3742F4E}.RelWithDebInfo|x64.Build.0 = RelWithDebInfo|x64
		{AA43C0E6-A228-37E5-85C5-CFE67452F293}.Debug|x64.ActiveCfg = Debug|x64
		{AA43C0E6-A228-37E5-85C5-CFE67452F293}.Debug|x64.Build.0 = Debug|x64
		{AA43C0E6-A228-37E5-85C5-CFE67452F293}.Release|x64.ActiveCfg = Release|x64
		{AA43C0E6-A228-37E5-85C5-CFE67452F293}.Release|x64.Build.0 = Release|x64
		{AA43C0E6-A228-37E5-85C5-CFE67452F293}.MinSizeRel|x64.ActiveCfg = MinSizeRel|x64
		{AA43C0E6-A228-37E5-85C5-CFE67452F293}.MinSizeRel|x64.Build.0 = MinSizeRel|x64
		{AA43C0E6-A228-37E5-85C5-CFE67452F293}.RelWithDebInfo|x64.ActiveCfg = RelWithDebInfo|x64
		{AA43C0E6-A228-37E5-85C5-CFE67452F293}.RelWithDebInfo|x64.Build.0 = RelWithDebInfo|x64
		{30114239-BCF6-3CCD-8F04-3B5BED061002}.Debug|x64.ActiveCfg = Debug|x64
		{30114239-BCF6-3CCD-8F04-3B5BED061002}.Debug|x64.Build.0 = Debug|x64
		{30114239-BCF6-3CCD-8F04-3B5BED061002}.Release|x64.ActiveCfg = Release|x64
		{30114239-BCF6-3CCD-8F04-3B5BED061002}.Release|x64.Build.0 = Release|x64
		{30114239-BCF6-3CCD-8F04-3B5BED061002}.MinSizeRel|x64.ActiveCfg = MinSizeRel|x64
		{30114239-BCF6-3CCD-8F04-3B5BED061002}.MinSizeRel|x64.Build.0 = MinSizeRel|x64
		{30114239-BCF6-3CCD-8F04-3B5BED061002}.RelWithDebInfo|x64.ActiveCfg = RelWithDebInfo|x64
		{30114239-BCF6-3CCD-8F04-3B5BED061002}.RelWithDebInfo|x64.Build.0 = RelWithDebInfo|x64
		{9AE14DB8-5D97-3BB9-8B57-A5086EDEC097}.Debug|x64.ActiveCfg = Debug|x64
		{9AE14DB8-5D97-3BB9-8B57-A5086EDEC097}.Debug|x64.Build.0 = Debug|x64
		{9AE14DB8-5D97-3BB9-8B57-A5086EDEC097}.Release|x64.ActiveCfg = Release|x64
		{9AE14DB8-5D97-3BB9-8B57-A5086EDEC097}.Release|x64.Build.0 = Release|x64
		{9AE14DB8-5D97-3BB9-8B57-A5086EDEC097}.MinSizeRel|x64.ActiveCfg = MinSizeRel|x64
		{9AE14DB8-5D97-3BB9-8B57-A5086EDEC097}.MinSizeRel|x64.Build.0 = MinSizeRel|x64
		{9AE14DB8-5D97-3BB9-8B57-A5086EDEC097}.RelWithDebInfo|x64.ActiveCfg = RelWithDebInfo|x64
		{9AE14DB8-5D97-3BB9-8B57-A5086EDEC097}.RelWithDebInfo|x64.Build.0 = RelWithDebInfo|x64
		{F7AD1228-346F-3734-930A-E71CE78344D2}.Debug|x64.ActiveCfg = Debug|x64
		{F7AD1228-346F-3734-930A-E71CE78344D2}.Debug|x64.Build.0 = Debug|x64
		{F7AD1228-346F-3734-930A-E71CE78344D2}.Release|x64.ActiveCfg = Release|x64
		{F7AD1228-346F-3734-930A-E71CE78344D2}.Release|x64.Build.0 = Release|x64
		{F7AD1228-346F-3734-930A-E71CE78344D2}.MinSizeRel|x64.ActiveCfg = MinSizeRel|x64
		{F7AD1228-346F-3734-930A-E71CE78344D2}.MinSizeRel|x64.Build.0 = MinSizeRel|x64
		{F7AD1228-346F-3734-930A-E71CE78344D2}.RelWithDebInfo|x64.ActiveCfg = RelWithDebInfo|x64
		{F7AD1228-346F-3734-930A-E71CE78344D2}.RelWithDebInfo|x64.Build.0 = RelWithDebInfo|x64
		{FAAB9C8A-6B3C-3537-B4BB-A856C9C8611F}.Debug|x64.ActiveCfg = Debug|x64
		{FAAB9C8A-6B3C-3537-B4BB-A856C9C8611F}.Debug|x64.Build.0 = Debug|x64
		{FAAB9C8A-6B3C-3537-B4BB-A856C9C8611F}.Release|x64.ActiveCfg = Release|x64
		{FAAB9C8A-6B3C-3537-B4BB-A856C9C8611F}.Release|x64.Build.0 = Release|x64
		{FAAB9C8A-6B3C-3537-B4BB-A856C9C8611F}.MinSizeRel|x64.ActiveCfg = MinSizeRel|x64
		{FAAB9C8A-6B3C-3537-B4BB-A856C9C8611F}.MinSizeRel|x64.Build.0 = MinSizeRel|x64
		{FAAB9C8A-6B3C-3537-B4BB-A856C9C8611F}.RelWithDebInfo|x64.ActiveCfg = RelWithDebInfo|x64
		{FAAB9C8A-6B3C-3537-B4BB-A856C9C8611F}.RelWithDebInfo|x64.Build.0 = RelWithDebInfo|x64
		{4546704A-D55A-3F58-AD1C-D331A7F24756}.Debug|x64.ActiveCfg = Debug|x64
		{4546704A-D55A-3F58-AD1C-D331A7F24756}.Debug|x64.Build.0 = Debug|x64
		{4546704A-D55A-3F58-AD1C-D331A7F24756}.Release|x64.ActiveCfg = Release|x64
		{4546704A-D55A-3F58-AD1C-D331A7F24756}.Release|x64.Build.0 = Release|x64
		{4546704A-D55A-3F58-AD1C-D331A7F24756}.MinSizeRel|x64.ActiveCfg = MinSizeRel|x64
		{4546704A-D55A-3F58-AD1C-D331A7F24756}.MinSizeRel|x64.Build.0 = MinSizeRel|x64
		{4546704A-D55A-3F58-AD1C-D331A7F24756}.RelWithDebInfo|x64.ActiveCfg = RelWithDebInfo|x64
		{4546704A-D55A-3F58-AD1C-D331A7F24756}.RelWithDebInfo|x64.Build.0 = RelWithDebInfo|x64
		{8AE0782F-BFB6-3A51-92C0-D80A115B7C67}.Debug|x64.ActiveCfg = Debug|x64
		{8AE0782F-BFB6-3A51-92C0-D80A115B7C67}.Debug|x64.Build.0 = Debug|x64
		{8AE0782F-BFB6-3A51-92C0-D80A115B7C67}.Release|x64.ActiveCfg = Release|x64
		{8AE0782F-BFB6-3A51-92C0-D80A115B7C67}.Release|x64.Build.0 = Release|x64
		{8AE0782F-BFB6-3A51-92C0-D80A115B7C67}.MinSizeRel|x64.ActiveCfg = MinSizeRel|x64
		{8AE0782F-BFB6-3A51-92C0-D80A115B7C67}.MinSizeRel|x64.Build.0 = MinSizeRel|x64
		{8AE0782F-BFB6-3A51-92C0-D80A115B7C67}.RelWithDebInfo|x64.ActiveCfg = RelWithDebInfo|x64
		{8AE0782F-BFB6-3A51-92C0-D80A115B7C67}.RelWithDebInfo|x64.Build.0 = RelWithDebInfo|x64
		{00053AFC-751C-33D7-891C-2CD2D5EFA093}.Debug|x64.ActiveCfg = Debug|x64
		{00053AFC-751C-33D7-891C-2CD2D5EFA093}.Debug|x64.Build.0 = Debug|x64
		{00053AFC-751C-33D7-891C-2CD2D5EFA093}.Release|x64.ActiveCfg = Release|x64
		{00053AFC-751C-33D7-891C-2CD2D5EFA093}.Release|x64.Build.0 = Release|x64
		{00053AFC-751C-33D7-891C-2CD2D5EFA093}.MinSizeRel|x64.ActiveCfg = MinSizeRel|x64
		{00053AFC-751C-33D7-891C-2CD2D5EFA093}.MinSizeRel|x64.Build.0 = MinSizeRel|x64
		{00053AFC-751C-33D7-891C-2CD2D5EFA093}.RelWithDebInfo|x64.ActiveCfg = RelWithDebInfo|x64
		{00053AFC-751C-33D7-891C-2CD2D5EFA093}.RelWithDebInfo|x64.Build.0 = RelWithDebInfo|x64
		{A03CF976-28AF-3BFD-B2E2-9E91CF4083C4}.Debug|x64.ActiveCfg = Debug|x64
		{A03CF976-28AF-3BFD-B2E2-9E91CF4083C4}.Debug|x64.Build.0 = Debug|x64
		{A03CF976-28AF-3BFD-B2E2-9E91CF4083C4}.Release|x64.ActiveCfg = Release|x64
		{A03CF976-28AF-3BFD-B2E2-9E91CF4083C4}.Release|x64.Build.0 = Release|x64
		{A03CF976-28AF-3BFD-B2E2-9E91CF4083C4}.MinSizeRel|x64.ActiveCfg = MinSizeRel|x64
		{A03CF976-28AF-3BFD-B2E2-9E91CF4083C4}.MinSizeRel|x64.Build.0 = MinSizeRel|x64
		{A03CF976-28AF-3BFD-B2E2-9E91CF4083C4}.RelWithDebInfo|x64.ActiveCfg = RelWithDebInfo|x64
		{A03CF976-28AF-3BFD-B2E2-9E91CF4083C4}.RelWithDebInfo|x64.Build.0 = RelWithDebInfo|x64
		{FAA12E13-4009-34E9-AAC1-6C1B65B1527F}.Debug|x64.ActiveCfg = Debug|x64
		{FAA12E13-4009-34E9-AAC1-6C1B65B1527F}.Debug|x64.Build.0 = Debug|x64
		{FAA12E13-4009-34E9-AAC1-6C1B65B1527F}.Release|x64.ActiveCfg = Release|x64
		{FAA12E13-4009-34E9-AAC1-6C1B65B1527F}.Release|x64.Build.0 = Release|x64
		{FAA12E13-4009-34E9-AAC1-6C1B65B1527F}.MinSizeRel|x64.ActiveCfg = MinSizeRel|x64
		{FAA12E13-4009-34E9-AAC1-6C1B65B1527F}.MinSizeRel|x64.Build.0 = MinSizeRel|x64
		{FAA12E13-4009-34E9-AAC1-6C1B65B1527F}.RelWithDebInfo|x64.ActiveCfg = RelWithDebInfo|x64
		{FAA12E13-4009-34E9-AAC1-6C1B65B1527F}.RelWithDebInfo|x64.Build.0 = RelWithDebInfo|x64
		{BAF1BAFB-EEE6-30F2-9DE2-838BA404D885}.Debug|x64.ActiveCfg = Debug|x64
		{BAF1BAFB-EEE6-30F2-9DE2-838BA404D885}.Debug|x64.Build.0 = Debug|x64
		{BAF1BAFB-EEE6-30F2-9DE2-838BA404D885}.Release|x64.ActiveCfg = Release|x64
		{BAF1BAFB-EEE6-30F2-9DE2-838BA404D885}.Release|x64.Build.0 = Release|x64
		{BAF1BAFB-EEE6-30F2-9DE2-838BA404D885}.MinSizeRel|x64.ActiveCfg = MinSizeRel|x64
		{BAF1BAFB-EEE6-30F2-9DE2-838BA404D885}.MinSizeRel|x64.Build.0 = MinSizeRel|x64
		{BAF1BAFB-EEE6-30F2-9DE2-838BA404D885}.RelWithDebInfo|x64.ActiveCfg = RelWithDebInfo|x64
		{BAF1BAFB-EEE6-30F2-9DE2-838BA404D885}.RelWithDebInfo|x64.Build.0 = RelWithDebInfo|x64
		{CFB8CC94-475A-3C10-8F33-B4A343A682D3}.Debug|x64.ActiveCfg = Debug|x64
		{CFB8CC94-475A-3C10-8F33-B4A343A682D3}.Debug|x64.Build.0 = Debug|x64
		{CFB8CC94-475A-3C10-8F33-B4A343A682D3}.Release|x64.ActiveCfg = Release|x64
		{CFB8CC94-475A-3C10-8F33-B4A343A682D3}.Release|x64.Build.0 = Release|x64
		{CFB8CC94-475A-3C10-8F33-B4A343A682D3}.MinSizeRel|x64.ActiveCfg = MinSizeRel|x64
		{CFB8CC94-475A-3C10-8F33-B4A343A682D3}.MinSizeRel|x64.Build.0 = MinSizeRel|x64
		{CFB8CC94-475A-3C10-8F33-B4A343A682D3}.RelWithDebInfo|x64.ActiveCfg = RelWithDebInfo|x64
		{CFB8CC94-475A-3C10-8F33-B4A343A682D3}.RelWithDebInfo|x64.Build.0 = RelWithDebInfo|x64
		{70C30FCA-C7CC-3913-A0AF-FBBAE236A2C1}.Debug|x64.ActiveCfg = Debug|x64
		{70C30FCA-C7CC-3913-A0AF-FBBAE236A2C1}.Debug|x64.Build.0 = Debug|x64
		{70C30FCA-C7CC-3913-A0AF-FBBAE236A2C1}.Release|x64.ActiveCfg = Release|x64
		{70C30FCA-C7CC-3913-A0AF-FBBAE236A2C1}.Release|x64.Build.0 = Release|x64
		{70C30FCA-C7CC-3913-A0AF-FBBAE236A2C1}.MinSizeRel|x64.ActiveCfg = MinSizeRel|x64
		{70C30FCA-C7CC-3913-A0AF-FBBAE236A2C1}.MinSizeRel|x64.Build.0 = MinSizeRel|x64
		{70C30FCA-C7CC-3913-A0AF-FBBAE236A2C1}.RelWithDebInfo|x64.ActiveCfg = RelWithDebInfo|x64
		{70C30FCA-C7CC-3913-A0AF-FBBAE236A2C1}.RelWithDebInfo|x64.Build.0 = RelWithDebInfo|x64
		{A768FDC2-59A4-38B4-9878-D2AFFE528C0A}.Debug|x64.ActiveCfg = Debug|x64
		{A768FDC2-59A4-38B4-9878-D2AFFE528C0A}.Debug|x64.Build.0 = Debug|x64
		{A768FDC2-59A4-38B4-9878-D2AFFE528C0A}.Release|x64.ActiveCfg = Release|x64
		{A768FDC2-59A4-38B4-9878-D2AFFE528C0A}.Release|x64.Build.0 = Release|x64
		{A768FDC2-59A4-38B4-9878-D2AFFE528C0A}.MinSizeRel|x64.ActiveCfg = MinSizeRel|x64
		{A768FDC2-59A4-38B4-9878-D2AFFE528C0A}.MinSizeRel|x64.Build.0 = MinSizeRel|x64
		{A768FDC2-59A4-38B4-9878-D2AFFE528C0A}.RelWithDebInfo|x64.ActiveCfg = RelWithDebInfo|x64
		{A768FDC2-59A4-38B4-9878-D2AFFE528C0A}.RelWithDebInfo|x64.Build.0 = RelWithDebInfo|x64
	EndGlobalSection
	GlobalSection(NestedProjects) = preSolution
		{E2A7CFE6-8376-3C74-9114-FD32428D8834} = {3A3209CE-5332-3E3D-99F6-88C6FB2322EF}
		{7B6C08F4-A859-37A0-98CF-8E00FE9625E0} = {3A3209CE-5332-3E3D-99F6-88C6FB2322EF}
		{8AE0782F-BFB6-3A51-92C0-D80A115B7C67} = {688EC2BC-1A93-3EC9-9679-1AD2F0BC495A}
	EndGlobalSection
	GlobalSection(ExtensibilityGlobals) = postSolution
		SolutionGuid = {0EE5047A-0948-318C-90F4-E9DBFDD450E7}
	EndGlobalSection
	GlobalSection(ExtensibilityAddIns) = postSolution
	EndGlobalSection
EndGlobal
